{
  "nodes": {
    "nixpkgs": {
      "locked": {
        "lastModified": 1669809720,
        "narHash": "sha256-RMT77f6CPOYtLLQ2esj+EJ1BPVWxf4RDidjrSvA5OhI=",
        "owner": "NixOS",
        "repo": "nixpkgs",
        "rev": "227de2b3bbec142f912c09d5e8a1b4e778aa54fb",
        "type": "github"
      },
      "original": {
        "id": "nixpkgs",
        "type": "indirect"
      }
    },
    "root": {
      "inputs": {
        "nixpkgs": "nixpkgs"
      }
    }
  },
  "root": "root",
  "version": 7
}
